
Microsoft Visual Studio Solution File, Format Version 12.00
# Visual Studio Version 16
VisualStudioVersion = 16.0.29215.179
MinimumVisualStudioVersion = 10.0.40219.1
Project("{8BC9CEB8-8B4A-11D0-8D11-00A0C91BC942}") = "Week8Class", "Week8Class\Week8Class.vcxproj", "{FE523E4D-7D95-4C64-97F1-2CD86313E5EC}"
EndProject
Global
	GlobalSection(SolutionConfigurationPlatforms) = preSolution
		Debug|x64 = Debug|x64
		Debug|x86 = Debug|x86
		Release|x64 = Release|x64
		Release|x86 = Release|x86
	EndGlobalSection
	GlobalSection(ProjectConfigurationPlatforms) = postSolution
		{FE523E4D-7D95-4C64-97F1-2CD86313E5EC}.Debug|x64.ActiveCfg = Debug|x64
		{FE523E4D-7D95-4C64-97F1-2CD86313E5EC}.Debug|x64.Build.0 = Debug|x64
		{FE523E4D-7D95-4C64-97F1-2CD86313E5EC}.Debug|x86.ActiveCfg = Debug|Win32
		{FE523E4D-7D95-4C64-97F1-2CD86313E5EC}.Debug|x86.Build.0 = Debug|Win32
		{FE523E4D-7D95-4C64-97F1-2CD86313E5EC}.Release|x64.ActiveCfg = Release|x64
		{FE523E4D-7D95-4C64-97F1-2CD86313E5EC}.Release|x64.Build.0 = Release|x64
		{FE523E4D-7D95-4C64-97F1-2CD86313E5EC}.Release|x86.ActiveCfg = Release|Win32
		{FE523E4D-7D95-4C64-97F1-2CD86313E5EC}.Release|x86.Build.0 = Release|Win32
	EndGlobalSection
	GlobalSection(SolutionProperties) = preSolution
		HideSolutionNode = FALSE
	EndGlobalSection
	GlobalSection(ExtensibilityGlobals) = postSolution
		SolutionGuid = {022F6F2C-B4BF-426A-9C4E-521223E4482A}
	EndGlobalSection
EndGlobal
