
Microsoft Visual Studio Solution File, Format Version 12.00
# Visual Studio Version 16
VisualStudioVersion = 16.0.29001.49
MinimumVisualStudioVersion = 10.0.40219.1
Project("{8BC9CEB8-8B4A-11D0-8D11-00A0C91BC942}") = "TexSkull", "TexSkull\TexSkull.vcxproj", "{488BD74B-BA7B-479F-9B47-9AEF2A53889B}"
EndProject
Project("{8BC9CEB8-8B4A-11D0-8D11-00A0C91BC942}") = "InstancingAndCulling", "InstancingAndCulling\InstancingAndCulling.vcxproj", "{E54039A4-51E5-41C7-A825-B2D416275A80}"
EndProject
Global
	GlobalSection(SolutionConfigurationPlatforms) = preSolution
		Debug|x64 = Debug|x64
		Debug|x86 = Debug|x86
		Release|x64 = Release|x64
		Release|x86 = Release|x86
	EndGlobalSection
	GlobalSection(ProjectConfigurationPlatforms) = postSolution
		{488BD74B-BA7B-479F-9B47-9AEF2A53889B}.Debug|x64.ActiveCfg = Debug|x64
		{488BD74B-BA7B-479F-9B47-9AEF2A53889B}.Debug|x64.Build.0 = Debug|x64
		{488BD74B-BA7B-479F-9B47-9AEF2A53889B}.Debug|x86.ActiveCfg = Debug|Win32
		{488BD74B-BA7B-479F-9B47-9AEF2A53889B}.Debug|x86.Build.0 = Debug|Win32
		{488BD74B-BA7B-479F-9B47-9AEF2A53889B}.Release|x64.ActiveCfg = Release|x64
		{488BD74B-BA7B-479F-9B47-9AEF2A53889B}.Release|x64.Build.0 = Release|x64
		{488BD74B-BA7B-479F-9B47-9AEF2A53889B}.Release|x86.ActiveCfg = Release|Win32
		{488BD74B-BA7B-479F-9B47-9AEF2A53889B}.Release|x86.Build.0 = Release|Win32
		{E54039A4-51E5-41C7-A825-B2D416275A80}.Debug|x64.ActiveCfg = Debug|x64
		{E54039A4-51E5-41C7-A825-B2D416275A80}.Debug|x64.Build.0 = Debug|x64
		{E54039A4-51E5-41C7-A825-B2D416275A80}.Debug|x86.ActiveCfg = Debug|Win32
		{E54039A4-51E5-41C7-A825-B2D416275A80}.Debug|x86.Build.0 = Debug|Win32
		{E54039A4-51E5-41C7-A825-B2D416275A80}.Release|x64.ActiveCfg = Release|x64
		{E54039A4-51E5-41C7-A825-B2D416275A80}.Release|x64.Build.0 = Release|x64
		{E54039A4-51E5-41C7-A825-B2D416275A80}.Release|x86.ActiveCfg = Release|Win32
		{E54039A4-51E5-41C7-A825-B2D416275A80}.Release|x86.Build.0 = Release|Win32
	EndGlobalSection
	GlobalSection(SolutionProperties) = preSolution
		HideSolutionNode = FALSE
	EndGlobalSection
	GlobalSection(ExtensibilityGlobals) = postSolution
		SolutionGuid = {D664A43B-F027-4E46-8E6C-C6DAFF39E530}
	EndGlobalSection
EndGlobal
